
Microsoft Visual Studio Solution File, Format Version 12.00
# Visual Studio Version 17
VisualStudioVersion = 17.11.35303.130
MinimumVisualStudioVersion = 10.0.40219.1
Project("{FAE04EC0-301F-11D3-BF4B-00C04F79EFBC}") = "ConsoleApp14", "ConsoleApp14.csproj", "{C4B7ED26-AAF0-4E9B-9470-E215A23DF188}"
EndProject
Global
	GlobalSection(SolutionConfigurationPlatforms) = preSolution
		Debug|Any CPU = Debug|Any CPU
		Release|Any CPU = Release|Any CPU
	EndGlobalSection
	GlobalSection(ProjectConfigurationPlatforms) = postSolution
		{C4B7ED26-AAF0-4E9B-9470-E215A23DF188}.Debug|Any CPU.ActiveCfg = Debug|Any CPU
		{C4B7ED26-AAF0-4E9B-9470-E215A23DF188}.Debug|Any CPU.Build.0 = Debug|Any CPU
		{C4B7ED26-AAF0-4E9B-9470-E215A23DF188}.Release|Any CPU.ActiveCfg = Release|Any CPU
		{C4B7ED26-AAF0-4E9B-9470-E215A23DF188}.Release|Any CPU.Build.0 = Release|Any CPU
	EndGlobalSection
	GlobalSection(SolutionProperties) = preSolution
		HideSolutionNode = FALSE
	EndGlobalSection
	GlobalSection(ExtensibilityGlobals) = postSolution
		SolutionGuid = {EEB155B6-4274-44CC-A855-962974842E9F}
	EndGlobalSection
EndGlobal
